{
  "nodes": {
    "diagon": {
      "locked": {
        "lastModified": 1763299369,
        "narHash": "sha256-z/q22EqZfF79vZQh6K/yCmt8iqDvUSkIVTH+Omhv1VE=",
        "owner": "petertrotman",
        "repo": "nixpkgs",
        "rev": "dff059e25eee7aa958c606aeb6b5879ae1c674f0",
        "type": "github"
      },
      "original": {
        "owner": "petertrotman",
        "ref": "Diagon",
        "repo": "nixpkgs",
        "type": "github"
      }
    },
    "flake-utils": {
      "inputs": {
        "systems": "systems"
      },
      "locked": {
        "lastModified": 1731533236,
        "narHash": "sha256-l0KFg5HjrsfsO/JpG+r7fRrqm12kzFHyUHqHCVpMMbI=",
        "owner": "numtide",
        "repo": "flake-utils",
        "rev": "11707dc2f618dd54ca8739b309ec4fc024de578b",
        "type": "github"
      },
      "original": {
        "owner": "numtide",
        "repo": "flake-utils",
        "type": "github"
      }
    },
    "home-manager": {
      "inputs": {
        "nixpkgs": [
          "nixpkgs"
        ]
      },
      "locked": {
        "lastModified": 1767910483,
        "narHash": "sha256-MOU5YdVu4DVwuT5ztXgQpPuRRBjSjUGIdUzOQr9iQOY=",
        "owner": "nix-community",
        "repo": "home-manager",
        "rev": "82fb7dedaad83e5e279127a38ef410bcfac6d77c",
        "type": "github"
      },
      "original": {
        "owner": "nix-community",
        "ref": "release-25.11",
        "repo": "home-manager",
        "type": "github"
      }
    },
    "lib": {
      "inputs": {
        "flakeUtils": [
          "flake-utils"
        ],
        "libSource": "libSource"
      },
      "locked": {
        "lastModified": 1768416447,
        "narHash": "sha256-S0n9qoPXg4P1VxOu5ayiuxk7nJk1kk6FlVevU4y9v5o=",
        "owner": "jeff-hykin",
        "repo": "quick-nix-toolkits",
        "rev": "dfad23538da813bc0eb5148644af9227e04191f0",
        "type": "github"
      },
      "original": {
        "owner": "jeff-hykin",
        "repo": "quick-nix-toolkits",
        "type": "github"
      }
    },
    "libSource": {
      "locked": {
        "lastModified": 1768094297,
        "narHash": "sha256-+Mdb/3c09zZPpSfdnO0JdG+a/rgNA4YGuA6n7pvvFBE=",
        "owner": "nix-community",
        "repo": "nixpkgs.lib",
        "rev": "a9f5b3ba6295f67949cec77dd2fb9c3876d0070c",
        "type": "github"
      },
      "original": {
        "owner": "nix-community",
        "repo": "nixpkgs.lib",
        "type": "github"
      }
    },
    "libSource_2": {
      "locked": {
        "lastModified": 1753579242,
        "narHash": "sha256-zvaMGVn14/Zz8hnp4VWT9xVnhc8vuL3TStRqwk22biA=",
        "owner": "divnix",
        "repo": "nixpkgs.lib",
        "rev": "0f36c44e01a6129be94e3ade315a5883f0228a6e",
        "type": "github"
      },
      "original": {
        "owner": "divnix",
        "repo": "nixpkgs.lib",
        "type": "github"
      }
    },
    "nixpkgs": {
      "locked": {
        "lastModified": 1768323494,
        "narHash": "sha256-yBXJLE6WCtrGo7LKiB6NOt6nisBEEkguC/lq/rP3zRQ=",
        "owner": "NixOS",
        "repo": "nixpkgs",
        "rev": "2c3e5ec5df46d3aeee2a1da0bfedd74e21f4bf3a",
        "type": "github"
      },
      "original": {
        "owner": "NixOS",
        "ref": "nixos-25.11",
        "repo": "nixpkgs",
        "type": "github"
      }
    },
    "nixpkgsSourceWithPreCommit": {
      "locked": {
        "lastModified": 1767151656,
        "narHash": "sha256-ujL2AoYBnJBN262HD95yer7QYUmYp5kFZGYbyCCKxq8=",
        "type": "tarball",
        "url": "https://github.com/NixOS/nixpkgs/archive/f665af0cdb70ed27e1bd8f9fdfecaf451260fc55.tar.gz"
      },
      "original": {
        "type": "tarball",
        "url": "https://github.com/NixOS/nixpkgs/archive/f665af0cdb70ed27e1bd8f9fdfecaf451260fc55.tar.gz"
      }
    },
    "root": {
      "inputs": {
        "diagon": "diagon",
        "flake-utils": "flake-utils",
        "home-manager": "home-manager",
        "lib": "lib",
        "nixpkgs": "nixpkgs",
        "nixpkgsSourceWithPreCommit": "nixpkgsSourceWithPreCommit",
        "xome": "xome"
      }
    },
    "systems": {
      "locked": {
        "lastModified": 1681028828,
        "narHash": "sha256-Vy1rq5AaRuLzOxct8nz4T6wlgyUR7zLU309k9mBC768=",
        "owner": "nix-systems",
        "repo": "default",
        "rev": "da67096a3b9bf56a91d16901293e51ba5b49a27e",
        "type": "github"
      },
      "original": {
        "owner": "nix-systems",
        "repo": "default",
        "type": "github"
      }
    },
    "xome": {
      "inputs": {
        "flake-utils": [
          "flake-utils"
        ],
        "home-manager": [
          "home-manager"
        ],
        "libSource": "libSource_2",
        "nixpkgs": [
          "nixpkgs"
        ]
      },
      "locked": {
        "lastModified": 1765466883,
        "narHash": "sha256-c4YxXoS6U9BFcxP4TWZirwycaxT2oFyPMeyVp5vrME8=",
        "owner": "jeff-hykin",
        "repo": "xome",
        "rev": "1f3507c4985e05177bd1a5b57d2862e30bb5da9b",
        "type": "github"
      },
      "original": {
        "owner": "jeff-hykin",
        "repo": "xome",
        "type": "github"
      }
    }
  },
  "root": "root",
  "version": 7
}
